// !$*UTF8*$!
{
	archiveVersion = 1;
	classes = {
	};
	objectVersion = 46;
	objects = {

/* Begin PBXBuildFile section */
		45519E6E1F436DC300FB5BA4 /* AppDelegate.swift in Sources */ = {isa = PBXBuildFile; fileRef = 45519E6D1F436DC300FB5BA4 /* AppDelegate.swift */; };
		45519E701F436DC300FB5BA4 /* TenorTromboneVC.swift in Sources */ = {isa = PBXBuildFile; fileRef = 45519E6F1F436DC300FB5BA4 /* TenorTromboneVC.swift */; };
		45519E751F436DC400FB5BA4 /* Assets.xcassets in Resources */ = {isa = PBXBuildFile; fileRef = 45519E741F436DC400FB5BA4 /* Assets.xcassets */; };
		45519E801F4371E900FB5BA4 /* ExcerptList.swift in Sources */ = {isa = PBXBuildFile; fileRef = 45519E7F1F4371E900FB5BA4 /* ExcerptList.swift */; };
		45519E8C1F43801500FB5BA4 /* PDFViewer.swift in Sources */ = {isa = PBXBuildFile; fileRef = 45519E8B1F43801500FB5BA4 /* PDFViewer.swift */; };
		45519E941F43973100FB5BA4 /* LaunchScreen.storyboard in Resources */ = {isa = PBXBuildFile; fileRef = 45519E931F43973100FB5BA4 /* LaunchScreen.storyboard */; };
		458B262B2049CFB2007274FF /* ActivityIndicator.swift in Sources */ = {isa = PBXBuildFile; fileRef = 458B262A2049CFB2007274FF /* ActivityIndicator.swift */; };
		45E19CAF204811ED0084A68A /* GoogleService-Info.plist in Resources */ = {isa = PBXBuildFile; fileRef = 45E19CAE204811ED0084A68A /* GoogleService-Info.plist */; };
		E546E2E9341432074171D52A /* Pods_Trombone_Excerpts.framework in Frameworks */ = {isa = PBXBuildFile; fileRef = 86130D61CD39E0FE901A9BD7 /* Pods_Trombone_Excerpts.framework */; };
		E93AB4B71F4C07090058ED8A /* BassTromboneVC.swift in Sources */ = {isa = PBXBuildFile; fileRef = E93AB4B61F4C07090058ED8A /* BassTromboneVC.swift */; };
/* End PBXBuildFile section */

/* Begin PBXFileReference section */
		3E0DCDB7711B8C7F4D473ECD /* Pods-Trombone Excerpts.release.xcconfig */ = {isa = PBXFileReference; includeInIndex = 1; lastKnownFileType = text.xcconfig; name = "Pods-Trombone Excerpts.release.xcconfig"; path = "Pods/Target Support Files/Pods-Trombone Excerpts/Pods-Trombone Excerpts.release.xcconfig"; sourceTree = "<group>"; };
		45519E6A1F436DC200FB5BA4 /* Trombone Excerpts.app */ = {isa = PBXFileReference; explicitFileType = wrapper.application; includeInIndex = 0; path = "Trombone Excerpts.app"; sourceTree = BUILT_PRODUCTS_DIR; };
		45519E6D1F436DC300FB5BA4 /* AppDelegate.swift */ = {isa = PBXFileReference; lastKnownFileType = sourcecode.swift; path = AppDelegate.swift; sourceTree = "<group>"; };
		45519E6F1F436DC300FB5BA4 /* TenorTromboneVC.swift */ = {isa = PBXFileReference; lastKnownFileType = sourcecode.swift; path = TenorTromboneVC.swift; sourceTree = "<group>"; };
		45519E741F436DC400FB5BA4 /* Assets.xcassets */ = {isa = PBXFileReference; lastKnownFileType = folder.assetcatalog; path = Assets.xcassets; sourceTree = "<group>"; };
		45519E791F436DC600FB5BA4 /* Info.plist */ = {isa = PBXFileReference; lastKnownFileType = text.plist.xml; path = Info.plist; sourceTree = "<group>"; };
		45519E7F1F4371E900FB5BA4 /* ExcerptList.swift */ = {isa = PBXFileReference; fileEncoding = 4; lastKnownFileType = sourcecode.swift; path = ExcerptList.swift; sourceTree = "<group>"; };
		45519E8B1F43801500FB5BA4 /* PDFViewer.swift */ = {isa = PBXFileReference; fileEncoding = 4; lastKnownFileType = sourcecode.swift; path = PDFViewer.swift; sourceTree = "<group>"; };
		45519E931F43973100FB5BA4 /* LaunchScreen.storyboard */ = {isa = PBXFileReference; fileEncoding = 4; lastKnownFileType = file.storyboard; path = LaunchScreen.storyboard; sourceTree = "<group>"; };
		458B262A2049CFB2007274FF /* ActivityIndicator.swift */ = {isa = PBXFileReference; lastKnownFileType = sourcecode.swift; path = ActivityIndicator.swift; sourceTree = "<group>"; };
		45E19CAE204811ED0084A68A /* GoogleService-Info.plist */ = {isa = PBXFileReference; fileEncoding = 4; lastKnownFileType = text.plist.xml; path = "GoogleService-Info.plist"; sourceTree = "<group>"; };
		48B35E053A8BA63F98A91C68 /* Pods-Trombone Excerpts.debug.xcconfig */ = {isa = PBXFileReference; includeInIndex = 1; lastKnownFileType = text.xcconfig; name = "Pods-Trombone Excerpts.debug.xcconfig"; path = "Pods/Target Support Files/Pods-Trombone Excerpts/Pods-Trombone Excerpts.debug.xcconfig"; sourceTree = "<group>"; };
		86130D61CD39E0FE901A9BD7 /* Pods_Trombone_Excerpts.framework */ = {isa = PBXFileReference; explicitFileType = wrapper.framework; includeInIndex = 0; path = Pods_Trombone_Excerpts.framework; sourceTree = BUILT_PRODUCTS_DIR; };
		E93AB4B61F4C07090058ED8A /* BassTromboneVC.swift */ = {isa = PBXFileReference; fileEncoding = 4; lastKnownFileType = sourcecode.swift; path = BassTromboneVC.swift; sourceTree = "<group>"; };
/* End PBXFileReference section */

/* Begin PBXFrameworksBuildPhase section */
		45519E671F436DC200FB5BA4 /* Frameworks */ = {
			isa = PBXFrameworksBuildPhase;
			buildActionMask = 2147483647;
			files = (
				E546E2E9341432074171D52A /* Pods_Trombone_Excerpts.framework in Frameworks */,
			);
			runOnlyForDeploymentPostprocessing = 0;
		};
/* End PBXFrameworksBuildPhase section */

/* Begin PBXGroup section */
		45519E611F436DC200FB5BA4 = {
			isa = PBXGroup;
			children = (
				45519E6C1F436DC200FB5BA4 /* Trombone Excerpts */,
				45519E6B1F436DC200FB5BA4 /* Products */,
				CB0613DC821A503B58C94155 /* Pods */,
				68D7C1CBDF38570F9326A8C6 /* Frameworks */,
			);
			sourceTree = "<group>";
		};
		45519E6B1F436DC200FB5BA4 /* Products */ = {
			isa = PBXGroup;
			children = (
				45519E6A1F436DC200FB5BA4 /* Trombone Excerpts.app */,
			);
			name = Products;
			sourceTree = "<group>";
		};
		45519E6C1F436DC200FB5BA4 /* Trombone Excerpts */ = {
			isa = PBXGroup;
			children = (
				458B26292049CC8E007274FF /* Models */,
				45519E6D1F436DC300FB5BA4 /* AppDelegate.swift */,
				45519E6F1F436DC300FB5BA4 /* TenorTromboneVC.swift */,
				E93AB4B61F4C07090058ED8A /* BassTromboneVC.swift */,
				45519E8B1F43801500FB5BA4 /* PDFViewer.swift */,
				45519E741F436DC400FB5BA4 /* Assets.xcassets */,
				45519E791F436DC600FB5BA4 /* Info.plist */,
				45E19CAE204811ED0084A68A /* GoogleService-Info.plist */,
				45519E931F43973100FB5BA4 /* LaunchScreen.storyboard */,
			);
			path = "Trombone Excerpts";
			sourceTree = "<group>";
		};
		458B26292049CC8E007274FF /* Models */ = {
			isa = PBXGroup;
			children = (
				45519E7F1F4371E900FB5BA4 /* ExcerptList.swift */,
				458B262A2049CFB2007274FF /* ActivityIndicator.swift */,
			);
			path = Models;
			sourceTree = "<group>";
		};
		68D7C1CBDF38570F9326A8C6 /* Frameworks */ = {
			isa = PBXGroup;
			children = (
				86130D61CD39E0FE901A9BD7 /* Pods_Trombone_Excerpts.framework */,
			);
			name = Frameworks;
			sourceTree = "<group>";
		};
		CB0613DC821A503B58C94155 /* Pods */ = {
			isa = PBXGroup;
			children = (
				48B35E053A8BA63F98A91C68 /* Pods-Trombone Excerpts.debug.xcconfig */,
				3E0DCDB7711B8C7F4D473ECD /* Pods-Trombone Excerpts.release.xcconfig */,
			);
			name = Pods;
			sourceTree = "<group>";
		};
/* End PBXGroup section */

/* Begin PBXNativeTarget section */
		45519E691F436DC200FB5BA4 /* Trombone Excerpts */ = {
			isa = PBXNativeTarget;
			buildConfigurationList = 45519E7C1F436DC600FB5BA4 /* Build configuration list for PBXNativeTarget "Trombone Excerpts" */;
			buildPhases = (
				C10AF213162646C0BC42C0F8 /* [CP] Check Pods Manifest.lock */,
				45519E661F436DC200FB5BA4 /* Sources */,
				45519E671F436DC200FB5BA4 /* Frameworks */,
				45519E681F436DC200FB5BA4 /* Resources */,
				7C7819F5EF29B2950BB538D4 /* [CP] Embed Pods Frameworks */,
			);
			buildRules = (
			);
			dependencies = (
			);
			name = "Trombone Excerpts";
			productName = "Trombone Excerpts";
			productReference = 45519E6A1F436DC200FB5BA4 /* Trombone Excerpts.app */;
			productType = "com.apple.product-type.application";
		};
/* End PBXNativeTarget section */

/* Begin PBXProject section */
		45519E621F436DC200FB5BA4 /* Project object */ = {
			isa = PBXProject;
			attributes = {
				LastSwiftUpdateCheck = 0830;
				LastUpgradeCheck = 1240;
				ORGANIZATIONNAME = "Thomas Swatland";
				TargetAttributes = {
					45519E691F436DC200FB5BA4 = {
						CreatedOnToolsVersion = 8.3.3;
						DevelopmentTeam = 5PY55DGNG5;
						LastSwiftMigration = 1240;
						ProvisioningStyle = Automatic;
					};
				};
			};
			buildConfigurationList = 45519E651F436DC200FB5BA4 /* Build configuration list for PBXProject "Trombone Excerpts" */;
			compatibilityVersion = "Xcode 3.2";
			developmentRegion = en;
			hasScannedForEncodings = 0;
			knownRegions = (
				en,
				Base,
			);
			mainGroup = 45519E611F436DC200FB5BA4;
			productRefGroup = 45519E6B1F436DC200FB5BA4 /* Products */;
			projectDirPath = "";
			projectRoot = "";
			targets = (
				45519E691F436DC200FB5BA4 /* Trombone Excerpts */,
			);
		};
/* End PBXProject section */

/* Begin PBXResourcesBuildPhase section */
		45519E681F436DC200FB5BA4 /* Resources */ = {
			isa = PBXResourcesBuildPhase;
			buildActionMask = 2147483647;
			files = (
				45519E751F436DC400FB5BA4 /* Assets.xcassets in Resources */,
				45519E941F43973100FB5BA4 /* LaunchScreen.storyboard in Resources */,
				45E19CAF204811ED0084A68A /* GoogleService-Info.plist in Resources */,
			);
			runOnlyForDeploymentPostprocessing = 0;
		};
/* End PBXResourcesBuildPhase section */

/* Begin PBXShellScriptBuildPhase section */
		7C7819F5EF29B2950BB538D4 /* [CP] Embed Pods Frameworks */ = {
			isa = PBXShellScriptBuildPhase;
			buildActionMask = 2147483647;
			files = (
			);
			inputPaths = (
				"${PODS_ROOT}/Target Support Files/Pods-Trombone Excerpts/Pods-Trombone Excerpts-frameworks.sh",
				"${BUILT_PRODUCTS_DIR}/FirebaseCore/FirebaseCore.framework",
				"${BUILT_PRODUCTS_DIR}/FirebaseCoreDiagnostics/FirebaseCoreDiagnostics.framework",
				"${BUILT_PRODUCTS_DIR}/FirebaseInstallations/FirebaseInstallations.framework",
				"${BUILT_PRODUCTS_DIR}/GoogleDataTransport/GoogleDataTransport.framework",
				"${BUILT_PRODUCTS_DIR}/GoogleUtilities/GoogleUtilities.framework",
				"${BUILT_PRODUCTS_DIR}/PromisesObjC/FBLPromises.framework",
				"${BUILT_PRODUCTS_DIR}/nanopb/nanopb.framework",
			);
			name = "[CP] Embed Pods Frameworks";
			outputPaths = (
				"${TARGET_BUILD_DIR}/${FRAMEWORKS_FOLDER_PATH}/FirebaseCore.framework",
				"${TARGET_BUILD_DIR}/${FRAMEWORKS_FOLDER_PATH}/FirebaseCoreDiagnostics.framework",
				"${TARGET_BUILD_DIR}/${FRAMEWORKS_FOLDER_PATH}/FirebaseInstallations.framework",
				"${TARGET_BUILD_DIR}/${FRAMEWORKS_FOLDER_PATH}/GoogleDataTransport.framework",
				"${TARGET_BUILD_DIR}/${FRAMEWORKS_FOLDER_PATH}/GoogleUtilities.framework",
				"${TARGET_BUILD_DIR}/${FRAMEWORKS_FOLDER_PATH}/FBLPromises.framework",
				"${TARGET_BUILD_DIR}/${FRAMEWORKS_FOLDER_PATH}/nanopb.framework",
			);
			runOnlyForDeploymentPostprocessing = 0;
			shellPath = /bin/sh;
			shellScript = "\"${PODS_ROOT}/Target Support Files/Pods-Trombone Excerpts/Pods-Trombone Excerpts-frameworks.sh\"\n";
			showEnvVarsInLog = 0;
		};
		C10AF213162646C0BC42C0F8 /* [CP] Check Pods Manifest.lock */ = {
			isa = PBXShellScriptBuildPhase;
			buildActionMask = 2147483647;
			files = (
			);
			inputPaths = (
				"${PODS_PODFILE_DIR_PATH}/Podfile.lock",
				"${PODS_ROOT}/Manifest.lock",
			);
			name = "[CP] Check Pods Manifest.lock";
			outputPaths = (
				"$(DERIVED_FILE_DIR)/Pods-Trombone Excerpts-checkManifestLockResult.txt",
			);
			runOnlyForDeploymentPostprocessing = 0;
			shellPath = /bin/sh;
			shellScript = "diff \"${PODS_PODFILE_DIR_PATH}/Podfile.lock\" \"${PODS_ROOT}/Manifest.lock\" > /dev/null\nif [ $? != 0 ] ; then\n    # print error to STDERR\n    echo \"error: The sandbox is not in sync with the Podfile.lock. Run 'pod install' or update your CocoaPods installation.\" >&2\n    exit 1\nfi\n# This output is used by Xcode 'outputs' to avoid re-running this script phase.\necho \"SUCCESS\" > \"${SCRIPT_OUTPUT_FILE_0}\"\n";
			showEnvVarsInLog = 0;
		};
/* End PBXShellScriptBuildPhase section */

/* Begin PBXSourcesBuildPhase section */
		45519E661F436DC200FB5BA4 /* Sources */ = {
			isa = PBXSourcesBuildPhase;
			buildActionMask = 2147483647;
			files = (
				E93AB4B71F4C07090058ED8A /* BassTromboneVC.swift in Sources */,
				45519E701F436DC300FB5BA4 /* TenorTromboneVC.swift in Sources */,
				45519E801F4371E900FB5BA4 /* ExcerptList.swift in Sources */,
				45519E8C1F43801500FB5BA4 /* PDFViewer.swift in Sources */,
				458B262B2049CFB2007274FF /* ActivityIndicator.swift in Sources */,
				45519E6E1F436DC300FB5BA4 /* AppDelegate.swift in Sources */,
			);
			runOnlyForDeploymentPostprocessing = 0;
		};
/* End PBXSourcesBuildPhase section */

/* Begin XCBuildConfiguration section */
		45519E7A1F436DC600FB5BA4 /* Debug */ = {
			isa = XCBuildConfiguration;
			buildSettings = {
				ALWAYS_SEARCH_USER_PATHS = NO;
				CLANG_ANALYZER_LOCALIZABILITY_NONLOCALIZED = YES;
				CLANG_ANALYZER_NONNULL = YES;
				CLANG_ANALYZER_NUMBER_OBJECT_CONVERSION = YES_AGGRESSIVE;
				CLANG_CXX_LANGUAGE_STANDARD = "gnu++0x";
				CLANG_CXX_LIBRARY = "libc++";
				CLANG_ENABLE_MODULES = YES;
				CLANG_ENABLE_OBJC_ARC = YES;
				CLANG_WARN_BLOCK_CAPTURE_AUTORELEASING = YES;
				CLANG_WARN_BOOL_CONVERSION = YES;
				CLANG_WARN_COMMA = YES;
				CLANG_WARN_CONSTANT_CONVERSION = YES;
				CLANG_WARN_DEPRECATED_OBJC_IMPLEMENTATIONS = YES;
				CLANG_WARN_DIRECT_OBJC_ISA_USAGE = YES_ERROR;
				CLANG_WARN_DOCUMENTATION_COMMENTS = YES;
				CLANG_WARN_EMPTY_BODY = YES;
				CLANG_WARN_ENUM_CONVERSION = YES;
				CLANG_WARN_INFINITE_RECURSION = YES;
				CLANG_WARN_INT_CONVERSION = YES;
				CLANG_WARN_NON_LITERAL_NULL_CONVERSION = YES;
				CLANG_WARN_OBJC_IMPLICIT_RETAIN_SELF = YES;
				CLANG_WARN_OBJC_LITERAL_CONVERSION = YES;
				CLANG_WARN_OBJC_ROOT_CLASS = YES_ERROR;
				CLANG_WARN_QUOTED_INCLUDE_IN_FRAMEWORK_HEADER = YES;
				CLANG_WARN_RANGE_LOOP_ANALYSIS = YES;
				CLANG_WARN_STRICT_PROTOTYPES = YES;
				CLANG_WARN_SUSPICIOUS_MOVE = YES;
				CLANG_WARN_UNREACHABLE_CODE = YES;
				CLANG_WARN__DUPLICATE_METHOD_MATCH = YES;
				"CODE_SIGN_IDENTITY[sdk=iphoneos*]" = "iPhone Developer";
				COPY_PHASE_STRIP = NO;
				DEBUG_INFORMATION_FORMAT = dwarf;
				ENABLE_STRICT_OBJC_MSGSEND = YES;
				ENABLE_TESTABILITY = YES;
				GCC_C_LANGUAGE_STANDARD = gnu99;
				GCC_DYNAMIC_NO_PIC = NO;
				GCC_NO_COMMON_BLOCKS = YES;
				GCC_OPTIMIZATION_LEVEL = 0;
				GCC_PREPROCESSOR_DEFINITIONS = (
					"DEBUG=1",
					"$(inherited)",
				);
				GCC_WARN_64_TO_32_BIT_CONVERSION = YES;
				GCC_WARN_ABOUT_RETURN_TYPE = YES_ERROR;
				GCC_WARN_UNDECLARED_SELECTOR = YES;
				GCC_WARN_UNINITIALIZED_AUTOS = YES_AGGRESSIVE;
				GCC_WARN_UNUSED_FUNCTION = YES;
				GCC_WARN_UNUSED_VARIABLE = YES;
				IPHONEOS_DEPLOYMENT_TARGET = 12.0;
				MTL_ENABLE_DEBUG_INFO = YES;
				ONLY_ACTIVE_ARCH = YES;
				SDKROOT = iphoneos;
				SWIFT_ACTIVE_COMPILATION_CONDITIONS = DEBUG;
				SWIFT_OPTIMIZATION_LEVEL = "-Onone";
			};
			name = Debug;
		};
		45519E7B1F436DC600FB5BA4 /* Release */ = {
			isa = XCBuildConfiguration;
			buildSettings = {
				ALWAYS_SEARCH_USER_PATHS = NO;
				CLANG_ANALYZER_LOCALIZABILITY_NONLOCALIZED = YES;
				CLANG_ANALYZER_NONNULL = YES;
				CLANG_ANALYZER_NUMBER_OBJECT_CONVERSION = YES_AGGRESSIVE;
				CLANG_CXX_LANGUAGE_STANDARD = "gnu++0x";
				CLANG_CXX_LIBRARY = "libc++";
				CLANG_ENABLE_MODULES = YES;
				CLANG_ENABLE_OBJC_ARC = YES;
				CLANG_WARN_BLOCK_CAPTURE_AUTORELEASING = YES;
				CLANG_WARN_BOOL_CONVERSION = YES;
				CLANG_WARN_COMMA = YES;
				CLANG_WARN_CONSTANT_CONVERSION = YES;
				CLANG_WARN_DEPRECATED_OBJC_IMPLEMENTATIONS = YES;
				CLANG_WARN_DIRECT_OBJC_ISA_USAGE = YES_ERROR;
				CLANG_WARN_DOCUMENTATION_COMMENTS = YES;
				CLANG_WARN_EMPTY_BODY = YES;
				CLANG_WARN_ENUM_CONVERSION = YES;
				CLANG_WARN_INFINITE_RECURSION = YES;
				CLANG_WARN_INT_CONVERSION = YES;
				CLANG_WARN_NON_LITERAL_NULL_CONVERSION = YES;
				CLANG_WARN_OBJC_IMPLICIT_RETAIN_SELF = YES;
				CLANG_WARN_OBJC_LITERAL_CONVERSION = YES;
				CLANG_WARN_OBJC_ROOT_CLASS = YES_ERROR;
				CLANG_WARN_QUOTED_INCLUDE_IN_FRAMEWORK_HEADER = YES;
				CLANG_WARN_RANGE_LOOP_ANALYSIS = YES;
				CLANG_WARN_STRICT_PROTOTYPES = YES;
				CLANG_WARN_SUSPICIOUS_MOVE = YES;
				CLANG_WARN_UNREACHABLE_CODE = YES;
				CLANG_WARN__DUPLICATE_METHOD_MATCH = YES;
				"CODE_SIGN_IDENTITY[sdk=iphoneos*]" = "iPhone Developer";
				COPY_PHASE_STRIP = NO;
				DEBUG_INFORMATION_FORMAT = "dwarf-with-dsym";
				ENABLE_NS_ASSERTIONS = NO;
				ENABLE_STRICT_OBJC_MSGSEND = YES;
				GCC_C_LANGUAGE_STANDARD = gnu99;
				GCC_NO_COMMON_BLOCKS = YES;
				GCC_WARN_64_TO_32_BIT_CONVERSION = YES;
				GCC_WARN_ABOUT_RETURN_TYPE = YES_ERROR;
				GCC_WARN_UNDECLARED_SELECTOR = YES;
				GCC_WARN_UNINITIALIZED_AUTOS = YES_AGGRESSIVE;
				GCC_WARN_UNUSED_FUNCTION = YES;
				GCC_WARN_UNUSED_VARIABLE = YES;
				IPHONEOS_DEPLOYMENT_TARGET = 12.0;
				MTL_ENABLE_DEBUG_INFO = NO;
				SDKROOT = iphoneos;
				SWIFT_OPTIMIZATION_LEVEL = "-Owholemodule";
				VALIDATE_PRODUCT = YES;
			};
			name = Release;
		};
		45519E7D1F436DC600FB5BA4 /* Debug */ = {
			isa = XCBuildConfiguration;
			baseConfigurationReference = 48B35E053A8BA63F98A91C68 /* Pods-Trombone Excerpts.debug.xcconfig */;
			buildSettings = {
				ASSETCATALOG_COMPILER_APPICON_NAME = AppIcon;
				DEVELOPMENT_TEAM = 5PY55DGNG5;
				INFOPLIST_FILE = "Trombone Excerpts/Info.plist";
				IPHONEOS_DEPLOYMENT_TARGET = 12.0;
				LD_RUNPATH_SEARCH_PATHS = "$(inherited) @executable_path/Frameworks";
				PRODUCT_BUNDLE_IDENTIFIER = "com.Swatland-Development.Trombone-Excerpts";
				PRODUCT_NAME = "$(TARGET_NAME)";
				SWIFT_SWIFT3_OBJC_INFERENCE = Default;
				SWIFT_VERSION = 5.0;
				TARGETED_DEVICE_FAMILY = "1,2";
			};
			name = Debug;
		};
		45519E7E1F436DC600FB5BA4 /* Release */ = {
			isa = XCBuildConfiguration;
			baseConfigurationReference = 3E0DCDB7711B8C7F4D473ECD /* Pods-Trombone Excerpts.release.xcconfig */;
			buildSettings = {
				ASSETCATALOG_COMPILER_APPICON_NAME = AppIcon;
				DEVELOPMENT_TEAM = 5PY55DGNG5;
				INFOPLIST_FILE = "Trombone Excerpts/Info.plist";
				IPHONEOS_DEPLOYMENT_TARGET = 12.0;
				LD_RUNPATH_SEARCH_PATHS = "$(inherited) @executable_path/Frameworks";
				PRODUCT_BUNDLE_IDENTIFIER = "com.Swatland-Development.Trombone-Excerpts";
				PRODUCT_NAME = "$(TARGET_NAME)";
				SWIFT_SWIFT3_OBJC_INFERENCE = Default;
				SWIFT_VERSION = 5.0;
				TARGETED_DEVICE_FAMILY = "1,2";
			};
			name = Release;
		};
/* End XCBuildConfiguration section */

/* Begin XCConfigurationList section */
		45519E651F436DC200FB5BA4 /* Build configuration list for PBXProject "Trombone Excerpts" */ = {
			isa = XCConfigurationList;
			buildConfigurations = (
				45519E7A1F436DC600FB5BA4 /* Debug */,
				45519E7B1F436DC600FB5BA4 /* Release */,
			);
			defaultConfigurationIsVisible = 0;
			defaultConfigurationName = Release;
		};
		45519E7C1F436DC600FB5BA4 /* Build configuration list for PBXNativeTarget "Trombone Excerpts" */ = {
			isa = XCConfigurationList;
			buildConfigurations = (
				45519E7D1F436DC600FB5BA4 /* Debug */,
				45519E7E1F436DC600FB5BA4 /* Release */,
			);
			defaultConfigurationIsVisible = 0;
			defaultConfigurationName = Release;
		};
/* End XCConfigurationList section */
	};
	rootObject = 45519E621F436DC200FB5BA4 /* Project object */;
}
