// !$*UTF8*$!
{
	archiveVersion = 1;
	classes = {
	};
	objectVersion = 46;
	objects = {

/* Begin PBXBuildFile section */
		45519E6E1F436DC300FB5BA4 /* AppDelegate.swift in Sources */ = {isa = PBXBuildFile; fileRef = 45519E6D1F436DC300FB5BA4 /* AppDelegate.swift */; };
		45519E701F436DC300FB5BA4 /* ViewController.swift in Sources */ = {isa = PBXBuildFile; fileRef = 45519E6F1F436DC300FB5BA4 /* ViewController.swift */; };
		45519E731F436DC400FB5BA4 /* Main.storyboard in Resources */ = {isa = PBXBuildFile; fileRef = 45519E711F436DC400FB5BA4 /* Main.storyboard */; };
		45519E751F436DC400FB5BA4 /* Assets.xcassets in Resources */ = {isa = PBXBuildFile; fileRef = 45519E741F436DC400FB5BA4 /* Assets.xcassets */; };
		45519E781F436DC500FB5BA4 /* LaunchScreen.storyboard in Resources */ = {isa = PBXBuildFile; fileRef = 45519E761F436DC500FB5BA4 /* LaunchScreen.storyboard */; };
/* End PBXBuildFile section */

/* Begin PBXFileReference section */
		45519E6A1F436DC200FB5BA4 /* Trombone Excerpts.app */ = {isa = PBXFileReference; explicitFileType = wrapper.application; includeInIndex = 0; path = "Trombone Excerpts.app"; sourceTree = BUILT_PRODUCTS_DIR; };
		45519E6D1F436DC300FB5BA4 /* AppDelegate.swift */ = {isa = PBXFileReference; lastKnownFileType = sourcecode.swift; path = AppDelegate.swift; sourceTree = "<group>"; };
		45519E6F1F436DC300FB5BA4 /* ViewController.swift */ = {isa = PBXFileReference; lastKnownFileType = sourcecode.swift; path = ViewController.swift; sourceTree = "<group>"; };
		45519E721F436DC400FB5BA4 /* Base */ = {isa = PBXFileReference; lastKnownFileType = file.storyboard; name = Base; path = Base.lproj/Main.storyboard; sourceTree = "<group>"; };
		45519E741F436DC400FB5BA4 /* Assets.xcassets */ = {isa = PBXFileReference; lastKnownFileType = folder.assetcatalog; path = Assets.xcassets; sourceTree = "<group>"; };
		45519E771F436DC500FB5BA4 /* Base */ = {isa = PBXFileReference; lastKnownFileType = file.storyboard; name = Base; path = Base.lproj/LaunchScreen.storyboard; sourceTree = "<group>"; };
		45519E791F436DC600FB5BA4 /* Info.plist */ = {isa = PBXFileReference; lastKnownFileType = text.plist.xml; path = Info.plist; sourceTree = "<group>"; };
/* End PBXFileReference section */

/* Begin PBXFrameworksBuildPhase section */
		45519E671F436DC200FB5BA4 /* Frameworks */ = {
			isa = PBXFrameworksBuildPhase;
			buildActionMask = 2147483647;
			files = (
			);
			runOnlyForDeploymentPostprocessing = 0;
		};
/* End PBXFrameworksBuildPhase section */

/* Begin PBXGroup section */
		45519E611F436DC200FB5BA4 = {
			isa = PBXGroup;
			children = (
				45519E6C1F436DC200FB5BA4 /* Trombone Excerpts */,
				45519E6B1F436DC200FB5BA4 /* Products */,
			);
			sourceTree = "<group>";
		};
		45519E6B1F436DC200FB5BA4 /* Products */ = {
			isa = PBXGroup;
			children = (
				45519E6A1F436DC200FB5BA4 /* Trombone Excerpts.app */,
			);
			name = Products;
			sourceTree = "<group>";
		};
		45519E6C1F436DC200FB5BA4 /* Trombone Excerpts */ = {
			isa = PBXGroup;
			children = (
				45519E6D1F436DC300FB5BA4 /* AppDelegate.swift */,
				45519E6F1F436DC300FB5BA4 /* ViewController.swift */,
				45519E711F436DC400FB5BA4 /* Main.storyboard */,
				45519E741F436DC400FB5BA4 /* Assets.xcassets */,
				45519E761F436DC500FB5BA4 /* LaunchScreen.storyboard */,
				45519E791F436DC600FB5BA4 /* Info.plist */,
			);
			path = "Trombone Excerpts";
			sourceTree = "<group>";
		};
/* End PBXGroup section */

/* Begin PBXNativeTarget section */
		45519E691F436DC200FB5BA4 /* Trombone Excerpts */ = {
			isa = PBXNativeTarget;
			buildConfigurationList = 45519E7C1F436DC600FB5BA4 /* Build configuration list for PBXNativeTarget "Trombone Excerpts" */;
			buildPhases = (
				45519E661F436DC200FB5BA4 /* Sources */,
				45519E671F436DC200FB5BA4 /* Frameworks */,
				45519E681F436DC200FB5BA4 /* Resources */,
			);
			buildRules = (
			);
			dependencies = (
			);
			name = "Trombone Excerpts";
			productName = "Trombone Excerpts";
			productReference = 45519E6A1F436DC200FB5BA4 /* Trombone Excerpts.app */;
			productType = "com.apple.product-type.application";
		};
/* End PBXNativeTarget section */

/* Begin PBXProject section */
		45519E621F436DC200FB5BA4 /* Project object */ = {
			isa = PBXProject;
			attributes = {
				LastSwiftUpdateCheck = 0830;
				LastUpgradeCheck = 0830;
				ORGANIZATIONNAME = "Thomas Swatland";
				TargetAttributes = {
					45519E691F436DC200FB5BA4 = {
						CreatedOnToolsVersion = 8.3.3;
						ProvisioningStyle = Automatic;
					};
				};
			};
			buildConfigurationList = 45519E651F436DC200FB5BA4 /* Build configuration list for PBXProject "Trombone Excerpts" */;
			compatibilityVersion = "Xcode 3.2";
			developmentRegion = English;
			hasScannedForEncodings = 0;
			knownRegions = (
				en,
				Base,
			);
			mainGroup = 45519E611F436DC200FB5BA4;
			productRefGroup = 45519E6B1F436DC200FB5BA4 /* Products */;
			projectDirPath = "";
			projectRoot = "";
			targets = (
				45519E691F436DC200FB5BA4 /* Trombone Excerpts */,
			);
		};
/* End PBXProject section */

/* Begin PBXResourcesBuildPhase section */
		45519E681F436DC200FB5BA4 /* Resources */ = {
			isa = PBXResourcesBuildPhase;
			buildActionMask = 2147483647;
			files = (
				45519E781F436DC500FB5BA4 /* LaunchScreen.storyboard in Resources */,
				45519E751F436DC400FB5BA4 /* Assets.xcassets in Resources */,
				45519E731F436DC400FB5BA4 /* Main.storyboard in Resources */,
			);
			runOnlyForDeploymentPostprocessing = 0;
		};
/* End PBXResourcesBuildPhase section */

/* Begin PBXSourcesBuildPhase section */
		45519E661F436DC200FB5BA4 /* Sources */ = {
			isa = PBXSourcesBuildPhase;
			buildActionMask = 2147483647;
			files = (
				45519E701F436DC300FB5BA4 /* ViewController.swift in Sources */,
				45519E6E1F436DC300FB5BA4 /* AppDelegate.swift in Sources */,
			);
			runOnlyForDeploymentPostprocessing = 0;
		};
/* End PBXSourcesBuildPhase section */

/* Begin PBXVariantGroup section */
		45519E711F436DC400FB5BA4 /* Main.storyboard */ = {
			isa = PBXVariantGroup;
			children = (
				45519E721F436DC400FB5BA4 /* Base */,
			);
			name = Main.storyboard;
			sourceTree = "<group>";
		};
		45519E761F436DC500FB5BA4 /* LaunchScreen.storyboard */ = {
			isa = PBXVariantGroup;
			children = (
				45519E771F436DC500FB5BA4 /* Base */,
			);
			name = LaunchScreen.storyboard;
			sourceTree = "<group>";
		};
/* End PBXVariantGroup section */

/* Begin XCBuildConfiguration section */
		45519E7A1F436DC600FB5BA4 /* Debug */ = {
			isa = XCBuildConfiguration;
			buildSettings = {
				ALWAYS_SEARCH_USER_PATHS = NO;
				CLANG_ANALYZER_NONNULL = YES;
				CLANG_ANALYZER_NUMBER_OBJECT_CONVERSION = YES_AGGRESSIVE;
				CLANG_CXX_LANGUAGE_STANDARD = "gnu++0x";
				CLANG_CXX_LIBRARY = "libc++";
				CLANG_ENABLE_MODULES = YES;
				CLANG_ENABLE_OBJC_ARC = YES;
				CLANG_WARN_BOOL_CONVERSION = YES;
				CLANG_WARN_CONSTANT_CONVERSION = YES;
				CLANG_WARN_DIRECT_OBJC_ISA_USAGE = YES_ERROR;
				CLANG_WARN_DOCUMENTATION_COMMENTS = YES;
				CLANG_WARN_EMPTY_BODY = YES;
				CLANG_WARN_ENUM_CONVERSION = YES;
				CLANG_WARN_INFINITE_RECURSION = YES;
				CLANG_WARN_INT_CONVERSION = YES;
				CLANG_WARN_OBJC_ROOT_CLASS = YES_ERROR;
				CLANG_WARN_SUSPICIOUS_MOVE = YES;
				CLANG_WARN_UNREACHABLE_CODE = YES;
				CLANG_WARN__DUPLICATE_METHOD_MATCH = YES;
				"CODE_SIGN_IDENTITY[sdk=iphoneos*]" = "iPhone Developer";
				COPY_PHASE_STRIP = NO;
				DEBUG_INFORMATION_FORMAT = dwarf;
				ENABLE_STRICT_OBJC_MSGSEND = YES;
				ENABLE_TESTABILITY = YES;
				GCC_C_LANGUAGE_STANDARD = gnu99;
				GCC_DYNAMIC_NO_PIC = NO;
				GCC_NO_COMMON_BLOCKS = YES;
				GCC_OPTIMIZATION_LEVEL = 0;
				GCC_PREPROCESSOR_DEFINITIONS = (
					"DEBUG=1",
					"$(inherited)",
				);
				GCC_WARN_64_TO_32_BIT_CONVERSION = YES;
				GCC_WARN_ABOUT_RETURN_TYPE = YES_ERROR;
				GCC_WARN_UNDECLARED_SELECTOR = YES;
				GCC_WARN_UNINITIALIZED_AUTOS = YES_AGGRESSIVE;
				GCC_WARN_UNUSED_FUNCTION = YES;
				GCC_WARN_UNUSED_VARIABLE = YES;
				IPHONEOS_DEPLOYMENT_TARGET = 10.3;
				MTL_ENABLE_DEBUG_INFO = YES;
				ONLY_ACTIVE_ARCH = YES;
				SDKROOT = iphoneos;
				SWIFT_ACTIVE_COMPILATION_CONDITIONS = DEBUG;
				SWIFT_OPTIMIZATION_LEVEL = "-Onone";
			};
			name = Debug;
		};
		45519E7B1F436DC600FB5BA4 /* Release */ = {
			isa = XCBuildConfiguration;
			buildSettings = {
				ALWAYS_SEARCH_USER_PATHS = NO;
				CLANG_ANALYZER_NONNULL = YES;
				CLANG_ANALYZER_NUMBER_OBJECT_CONVERSION = YES_AGGRESSIVE;
				CLANG_CXX_LANGUAGE_STANDARD = "gnu++0x";
				CLANG_CXX_LIBRARY = "libc++";
				CLANG_ENABLE_MODULES = YES;
				CLANG_ENABLE_OBJC_ARC = YES;
				CLANG_WARN_BOOL_CONVERSION = YES;
				CLANG_WARN_CONSTANT_CONVERSION = YES;
				CLANG_WARN_DIRECT_OBJC_ISA_USAGE = YES_ERROR;
				CLANG_WARN_DOCUMENTATION_COMMENTS = YES;
				CLANG_WARN_EMPTY_BODY = YES;
				CLANG_WARN_ENUM_CONVERSION = YES;
				CLANG_WARN_INFINITE_RECURSION = YES;
				CLANG_WARN_INT_CONVERSION = YES;
				CLANG_WARN_OBJC_ROOT_CLASS = YES_ERROR;
				CLANG_WARN_SUSPICIOUS_MOVE = YES;
				CLANG_WARN_UNREACHABLE_CODE = YES;
				CLANG_WARN__DUPLICATE_METHOD_MATCH = YES;
				"CODE_SIGN_IDENTITY[sdk=iphoneos*]" = "iPhone Developer";
				COPY_PHASE_STRIP = NO;
				DEBUG_INFORMATION_FORMAT = "dwarf-with-dsym";
				ENABLE_NS_ASSERTIONS = NO;
				ENABLE_STRICT_OBJC_MSGSEND = YES;
				GCC_C_LANGUAGE_STANDARD = gnu99;
				GCC_NO_COMMON_BLOCKS = YES;
				GCC_WARN_64_TO_32_BIT_CONVERSION = YES;
				GCC_WARN_ABOUT_RETURN_TYPE = YES_ERROR;
				GCC_WARN_UNDECLARED_SELECTOR = YES;
				GCC_WARN_UNINITIALIZED_AUTOS = YES_AGGRESSIVE;
				GCC_WARN_UNUSED_FUNCTION = YES;
				GCC_WARN_UNUSED_VARIABLE = YES;
				IPHONEOS_DEPLOYMENT_TARGET = 10.3;
				MTL_ENABLE_DEBUG_INFO = NO;
				SDKROOT = iphoneos;
				SWIFT_OPTIMIZATION_LEVEL = "-Owholemodule";
				VALIDATE_PRODUCT = YES;
			};
			name = Release;
		};
		45519E7D1F436DC600FB5BA4 /* Debug */ = {
			isa = XCBuildConfiguration;
			buildSettings = {
				ASSETCATALOG_COMPILER_APPICON_NAME = AppIcon;
				INFOPLIST_FILE = "Trombone Excerpts/Info.plist";
				LD_RUNPATH_SEARCH_PATHS = "$(inherited) @executable_path/Frameworks";
				PRODUCT_BUNDLE_IDENTIFIER = "Swatland-Music.Trombone-Excerpts";
				PRODUCT_NAME = "$(TARGET_NAME)";
				SWIFT_VERSION = 3.0;
				TARGETED_DEVICE_FAMILY = 2;
			};
			name = Debug;
		};
		45519E7E1F436DC600FB5BA4 /* Release */ = {
			isa = XCBuildConfiguration;
			buildSettings = {
				ASSETCATALOG_COMPILER_APPICON_NAME = AppIcon;
				INFOPLIST_FILE = "Trombone Excerpts/Info.plist";
				LD_RUNPATH_SEARCH_PATHS = "$(inherited) @executable_path/Frameworks";
				PRODUCT_BUNDLE_IDENTIFIER = "Swatland-Music.Trombone-Excerpts";
				PRODUCT_NAME = "$(TARGET_NAME)";
				SWIFT_VERSION = 3.0;
				TARGETED_DEVICE_FAMILY = 2;
			};
			name = Release;
		};
/* End XCBuildConfiguration section */

/* Begin XCConfigurationList section */
		45519E651F436DC200FB5BA4 /* Build configuration list for PBXProject "Trombone Excerpts" */ = {
			isa = XCConfigurationList;
			buildConfigurations = (
				45519E7A1F436DC600FB5BA4 /* Debug */,
				45519E7B1F436DC600FB5BA4 /* Release */,
			);
			defaultConfigurationIsVisible = 0;
			defaultConfigurationName = Release;
		};
		45519E7C1F436DC600FB5BA4 /* Build configuration list for PBXNativeTarget "Trombone Excerpts" */ = {
			isa = XCConfigurationList;
			buildConfigurations = (
				45519E7D1F436DC600FB5BA4 /* Debug */,
				45519E7E1F436DC600FB5BA4 /* Release */,
			);
			defaultConfigurationIsVisible = 0;
		};
/* End XCConfigurationList section */
	};
	rootObject = 45519E621F436DC200FB5BA4 /* Project object */;
}
